
Microsoft Visual Studio Solution File, Format Version 12.00
# Visual Studio Version 16
VisualStudioVersion = 16.0.30503.244
MinimumVisualStudioVersion = 10.0.40219.1
Project("{FAE04EC0-301F-11D3-BF4B-00C04F79EFBC}") = "WeatherService_2", "WeatherService_2\WeatherService_2.csproj", "{536A7611-AEDE-45B4-9E4F-4736704E6AA8}"
EndProject
Project("{FAE04EC0-301F-11D3-BF4B-00C04F79EFBC}") = "RestClient", "RestClient\RestClient.csproj", "{DBB6CD4E-8011-4FCE-97B9-1CCB56283DA0}"
EndProject
Project("{FAE04EC0-301F-11D3-BF4B-00C04F79EFBC}") = "DTO", "DTO\DTO.csproj", "{776B3B08-AC27-4737-8D61-D0A5E09D041C}"
EndProject
Global
	GlobalSection(SolutionConfigurationPlatforms) = preSolution
		Debug|Any CPU = Debug|Any CPU
		Release|Any CPU = Release|Any CPU
	EndGlobalSection
	GlobalSection(ProjectConfigurationPlatforms) = postSolution
		{536A7611-AEDE-45B4-9E4F-4736704E6AA8}.Debug|Any CPU.ActiveCfg = Debug|Any CPU
		{536A7611-AEDE-45B4-9E4F-4736704E6AA8}.Debug|Any CPU.Build.0 = Debug|Any CPU
		{536A7611-AEDE-45B4-9E4F-4736704E6AA8}.Release|Any CPU.ActiveCfg = Release|Any CPU
		{536A7611-AEDE-45B4-9E4F-4736704E6AA8}.Release|Any CPU.Build.0 = Release|Any CPU
		{DBB6CD4E-8011-4FCE-97B9-1CCB56283DA0}.Debug|Any CPU.ActiveCfg = Debug|Any CPU
		{DBB6CD4E-8011-4FCE-97B9-1CCB56283DA0}.Debug|Any CPU.Build.0 = Debug|Any CPU
		{DBB6CD4E-8011-4FCE-97B9-1CCB56283DA0}.Release|Any CPU.ActiveCfg = Release|Any CPU
		{DBB6CD4E-8011-4FCE-97B9-1CCB56283DA0}.Release|Any CPU.Build.0 = Release|Any CPU
		{776B3B08-AC27-4737-8D61-D0A5E09D041C}.Debug|Any CPU.ActiveCfg = Debug|Any CPU
		{776B3B08-AC27-4737-8D61-D0A5E09D041C}.Debug|Any CPU.Build.0 = Debug|Any CPU
		{776B3B08-AC27-4737-8D61-D0A5E09D041C}.Release|Any CPU.ActiveCfg = Release|Any CPU
		{776B3B08-AC27-4737-8D61-D0A5E09D041C}.Release|Any CPU.Build.0 = Release|Any CPU
	EndGlobalSection
	GlobalSection(SolutionProperties) = preSolution
		HideSolutionNode = FALSE
	EndGlobalSection
	GlobalSection(ExtensibilityGlobals) = postSolution
		SolutionGuid = {5A13C6AA-0680-45A1-9CD1-6A3A45DC6509}
	EndGlobalSection
EndGlobal
